
Microsoft Visual Studio Solution File, Format Version 12.00
# Visual Studio Version 16
VisualStudioVersion = 16.0.29926.136
MinimumVisualStudioVersion = 10.0.40219.1
Project("{FAE04EC0-301F-11D3-BF4B-00C04F79EFBC}") = "DemoSession", "DemoSession\DemoSession.csproj", "{0289CFB7-DDE5-4ADF-BB52-2AC75829A707}"
EndProject
Global
	GlobalSection(SolutionConfigurationPlatforms) = preSolution
		Debug|Any CPU = Debug|Any CPU
		Release|Any CPU = Release|Any CPU
	EndGlobalSection
	GlobalSection(ProjectConfigurationPlatforms) = postSolution
		{0289CFB7-DDE5-4ADF-BB52-2AC75829A707}.Debug|Any CPU.ActiveCfg = Debug|Any CPU
		{0289CFB7-DDE5-4ADF-BB52-2AC75829A707}.Debug|Any CPU.Build.0 = Debug|Any CPU
		{0289CFB7-DDE5-4ADF-BB52-2AC75829A707}.Release|Any CPU.ActiveCfg = Release|Any CPU
		{0289CFB7-DDE5-4ADF-BB52-2AC75829A707}.Release|Any CPU.Build.0 = Release|Any CPU
	EndGlobalSection
	GlobalSection(SolutionProperties) = preSolution
		HideSolutionNode = FALSE
	EndGlobalSection
	GlobalSection(ExtensibilityGlobals) = postSolution
		SolutionGuid = {2DE2231D-6A7D-4B18-9CFD-2F361B964DB0}
	EndGlobalSection
EndGlobal
